
Microsoft Visual Studio Solution File, Format Version 12.00
# Visual Studio Version 17
VisualStudioVersion = 17.5.002.0
MinimumVisualStudioVersion = 10.0.40219.1
Project("{2150E333-8FDC-42A3-9474-1A3956D46DE8}") = "api", "api", "{E72E429E-39CD-40B0-9B00-C08AB3D0D72A}"
EndProject
Project("{9A19103F-16F7-4668-BE54-9A1E7A4F7556}") = "LCPSNWebApi", "api\LCPSNWebApi\LCPSNWebApi.csproj", "{1934651A-BBFD-4BD1-AD21-90D098467186}"
EndProject
Global
	GlobalSection(SolutionConfigurationPlatforms) = preSolution
		Debug|Any CPU = Debug|Any CPU
		Release|Any CPU = Release|Any CPU
	EndGlobalSection
	GlobalSection(ProjectConfigurationPlatforms) = postSolution
		{1934651A-BBFD-4BD1-AD21-90D098467186}.Debug|Any CPU.ActiveCfg = Debug|Any CPU
		{1934651A-BBFD-4BD1-AD21-90D098467186}.Debug|Any CPU.Build.0 = Debug|Any CPU
		{1934651A-BBFD-4BD1-AD21-90D098467186}.Release|Any CPU.ActiveCfg = Release|Any CPU
		{1934651A-BBFD-4BD1-AD21-90D098467186}.Release|Any CPU.Build.0 = Release|Any CPU
	EndGlobalSection
	GlobalSection(SolutionProperties) = preSolution
		HideSolutionNode = FALSE
	EndGlobalSection
	GlobalSection(NestedProjects) = preSolution
		{1934651A-BBFD-4BD1-AD21-90D098467186} = {E72E429E-39CD-40B0-9B00-C08AB3D0D72A}
	EndGlobalSection
	GlobalSection(ExtensibilityGlobals) = postSolution
		SolutionGuid = {85E1940F-8C59-4E57-B057-6B77457B3DA9}
	EndGlobalSection
EndGlobal
